
Microsoft Visual Studio Solution File, Format Version 12.00
# Visual Studio Version 17
VisualStudioVersion = 17.11.35312.102
MinimumVisualStudioVersion = 10.0.40219.1
Project("{9A19103F-16F7-4668-BE54-9A1E7A4F7556}") = "3-Domain", "3-Domain\3-Domain.csproj", "{D4A7BCEF-E985-40DA-BE79-AF3528583CA9}"
EndProject
Project("{9A19103F-16F7-4668-BE54-9A1E7A4F7556}") = "4-Infra", "4-Infra\4-Infra.csproj", "{0B1355E9-33E4-461D-B653-09DE5E71DF6D}"
EndProject
Project("{9A19103F-16F7-4668-BE54-9A1E7A4F7556}") = "5-Entity", "5-Entity\5-Entity.csproj", "{1E249F5C-78E8-4989-A2D1-EB660F71563C}"
EndProject
Project("{9A19103F-16F7-4668-BE54-9A1E7A4F7556}") = "1-WebApi", "1-WebApi\1-WebApi.csproj", "{4161FC5B-11ED-49E7-A616-B28B5C40C299}"
EndProject
Project("{FAE04EC0-301F-11D3-BF4B-00C04F79EFBC}") = "2-Application", "2-Application\2-Application.csproj", "{E35E76B5-EF0A-45B4-AFA5-5EFDA8A4637C}"
EndProject
Global
	GlobalSection(SolutionConfigurationPlatforms) = preSolution
		Debug|Any CPU = Debug|Any CPU
		Release|Any CPU = Release|Any CPU
	EndGlobalSection
	GlobalSection(ProjectConfigurationPlatforms) = postSolution
		{D4A7BCEF-E985-40DA-BE79-AF3528583CA9}.Debug|Any CPU.ActiveCfg = Debug|Any CPU
		{D4A7BCEF-E985-40DA-BE79-AF3528583CA9}.Debug|Any CPU.Build.0 = Debug|Any CPU
		{D4A7BCEF-E985-40DA-BE79-AF3528583CA9}.Release|Any CPU.ActiveCfg = Release|Any CPU
		{D4A7BCEF-E985-40DA-BE79-AF3528583CA9}.Release|Any CPU.Build.0 = Release|Any CPU
		{0B1355E9-33E4-461D-B653-09DE5E71DF6D}.Debug|Any CPU.ActiveCfg = Debug|Any CPU
		{0B1355E9-33E4-461D-B653-09DE5E71DF6D}.Debug|Any CPU.Build.0 = Debug|Any CPU
		{0B1355E9-33E4-461D-B653-09DE5E71DF6D}.Release|Any CPU.ActiveCfg = Release|Any CPU
		{0B1355E9-33E4-461D-B653-09DE5E71DF6D}.Release|Any CPU.Build.0 = Release|Any CPU
		{1E249F5C-78E8-4989-A2D1-EB660F71563C}.Debug|Any CPU.ActiveCfg = Debug|Any CPU
		{1E249F5C-78E8-4989-A2D1-EB660F71563C}.Debug|Any CPU.Build.0 = Debug|Any CPU
		{1E249F5C-78E8-4989-A2D1-EB660F71563C}.Release|Any CPU.ActiveCfg = Release|Any CPU
		{1E249F5C-78E8-4989-A2D1-EB660F71563C}.Release|Any CPU.Build.0 = Release|Any CPU
		{4161FC5B-11ED-49E7-A616-B28B5C40C299}.Debug|Any CPU.ActiveCfg = Debug|Any CPU
		{4161FC5B-11ED-49E7-A616-B28B5C40C299}.Debug|Any CPU.Build.0 = Debug|Any CPU
		{4161FC5B-11ED-49E7-A616-B28B5C40C299}.Release|Any CPU.ActiveCfg = Release|Any CPU
		{4161FC5B-11ED-49E7-A616-B28B5C40C299}.Release|Any CPU.Build.0 = Release|Any CPU
		{E35E76B5-EF0A-45B4-AFA5-5EFDA8A4637C}.Debug|Any CPU.ActiveCfg = Debug|Any CPU
		{E35E76B5-EF0A-45B4-AFA5-5EFDA8A4637C}.Debug|Any CPU.Build.0 = Debug|Any CPU
		{E35E76B5-EF0A-45B4-AFA5-5EFDA8A4637C}.Release|Any CPU.ActiveCfg = Release|Any CPU
		{E35E76B5-EF0A-45B4-AFA5-5EFDA8A4637C}.Release|Any CPU.Build.0 = Release|Any CPU
	EndGlobalSection
	GlobalSection(SolutionProperties) = preSolution
		HideSolutionNode = FALSE
	EndGlobalSection
	GlobalSection(ExtensibilityGlobals) = postSolution
		SolutionGuid = {04FE12B7-B8CC-4930-8A0B-C345B34E82BA}
	EndGlobalSection
EndGlobal
